
Microsoft Visual Studio Solution File, Format Version 12.00
# Visual Studio Version 17
VisualStudioVersion = 17.9.34616.47
MinimumVisualStudioVersion = 10.0.40219.1
Project("{FAE04EC0-301F-11D3-BF4B-00C04F79EFBC}") = "SafeAccueil", "SafeAccueil\SafeAccueil.csproj", "{B160CE6E-2529-427C-B886-98CBDB21182F}"
EndProject
Global
	GlobalSection(SolutionConfigurationPlatforms) = preSolution
		Debug|Any CPU = Debug|Any CPU
		Release|Any CPU = Release|Any CPU
	EndGlobalSection
	GlobalSection(ProjectConfigurationPlatforms) = postSolution
		{B160CE6E-2529-427C-B886-98CBDB21182F}.Debug|Any CPU.ActiveCfg = Debug|Any CPU
		{B160CE6E-2529-427C-B886-98CBDB21182F}.Debug|Any CPU.Build.0 = Debug|Any CPU
		{B160CE6E-2529-427C-B886-98CBDB21182F}.Release|Any CPU.ActiveCfg = Release|Any CPU
		{B160CE6E-2529-427C-B886-98CBDB21182F}.Release|Any CPU.Build.0 = Release|Any CPU
	EndGlobalSection
	GlobalSection(SolutionProperties) = preSolution
		HideSolutionNode = FALSE
	EndGlobalSection
	GlobalSection(ExtensibilityGlobals) = postSolution
		SolutionGuid = {499022C7-A682-4B07-9CBD-44F52A69C439}
	EndGlobalSection
EndGlobal
